
Microsoft Visual Studio Solution File, Format Version 12.00
# Visual Studio Version 17
VisualStudioVersion = 17.14.36616.10 d17.14
MinimumVisualStudioVersion = 10.0.40219.1
Project("{FAE04EC0-301F-11D3-BF4B-00C04F79EFBC}") = "KMCI_System", "KMCI_System\KMCI_System.csproj", "{7D4396E7-4844-4822-B3F5-8393F991CEAC}"
EndProject
Global
	GlobalSection(SolutionConfigurationPlatforms) = preSolution
		Debug|Any CPU = Debug|Any CPU
		Release|Any CPU = Release|Any CPU
	EndGlobalSection
	GlobalSection(ProjectConfigurationPlatforms) = postSolution
		{7D4396E7-4844-4822-B3F5-8393F991CEAC}.Debug|Any CPU.ActiveCfg = Debug|Any CPU
		{7D4396E7-4844-4822-B3F5-8393F991CEAC}.Debug|Any CPU.Build.0 = Debug|Any CPU
		{7D4396E7-4844-4822-B3F5-8393F991CEAC}.Release|Any CPU.ActiveCfg = Release|Any CPU
		{7D4396E7-4844-4822-B3F5-8393F991CEAC}.Release|Any CPU.Build.0 = Release|Any CPU
	EndGlobalSection
	GlobalSection(SolutionProperties) = preSolution
		HideSolutionNode = FALSE
	EndGlobalSection
	GlobalSection(ExtensibilityGlobals) = postSolution
		SolutionGuid = {A0774F0A-88A4-42F8-8E7F-452EF095E008}
	EndGlobalSection
EndGlobal
